{
  "version": 4,
  "terraform_version": "1.5.7",
  "serial": 12,
  "lineage": "2b1064e6-ac2a-db7b-3958-24afa8d25bc9",
  "outputs": {
    "instance_id": {
      "value": [
        "i-07269365419e0718d"
      ],
      "type": [
        "tuple",
        [
          "string"
        ]
      ]
    },
    "jenkins_url": {
      "value": "http://3.140.90.232:8080",
      "type": "string"
    },
    "metadata": {
      "value": {
        "auto_added": "false",
        "managed_by_apps": "false",
        "managed_by_argo_tunnel": "false",
        "source": "primary"
      },
      "type": [
        "map",
        "string"
      ],
      "sensitive": true
    },
    "record": {
      "value": "http://jenkins.kendopx.com:8080",
      "type": "string"
    },
    "record_cloudbees": {
      "value": "http://jenkins.kendopx.com:8888",
      "type": "string"
    },
    "ssh_connection": {
      "value": "ssh ec2-user@jenkins.kendopx.com",
      "type": "string"
    }
  },
  "resources": [
    {
      "mode": "data",
      "type": "aws_ami",
      "name": "amzlinux2",
      "provider": "provider[\"registry.terraform.io/hashicorp/aws\"]",
      "instances": [
        {
          "schema_version": 0,
          "attributes": {
            "architecture": "x86_64",
            "arn": "arn:aws:ec2:us-east-2::image/ami-0171eabba350390d0",
            "block_device_mappings": [
              {
                "device_name": "/dev/xvda",
                "ebs": {
                  "delete_on_termination": "true",
                  "encrypted": "false",
                  "iops": "0",
                  "snapshot_id": "snap-01f4cc0f449982305",
                  "throughput": "0",
                  "volume_size": "8",
                  "volume_type": "gp2"
                },
                "no_device": "",
                "virtual_name": ""
              }
            ],
            "boot_mode": "",
            "creation_date": "2023-12-18T18:54:05.000Z",
            "deprecation_time": "2025-07-01T00:00:00.000Z",
            "description": "Amazon Linux 2 AMI 2.0.20231218.0 x86_64 HVM gp2",
            "ena_support": true,
            "executable_users": null,
            "filter": [
              {
                "name": "architecture",
                "values": [
                  "x86_64"
                ]
              },
              {
                "name": "name",
                "values": [
                  "amzn2-ami-hvm-*-gp2"
                ]
              },
              {
                "name": "root-device-type",
                "values": [
                  "ebs"
                ]
              },
              {
                "name": "virtualization-type",
                "values": [
                  "hvm"
                ]
              }
            ],
            "hypervisor": "xen",
            "id": "ami-0171eabba350390d0",
            "image_id": "ami-0171eabba350390d0",
            "image_location": "amazon/amzn2-ami-hvm-2.0.20231218.0-x86_64-gp2",
            "image_owner_alias": "amazon",
            "image_type": "machine",
            "imds_support": "",
            "include_deprecated": false,
            "kernel_id": "",
            "most_recent": true,
            "name": "amzn2-ami-hvm-2.0.20231218.0-x86_64-gp2",
            "name_regex": null,
            "owner_id": "137112412989",
            "owners": [
              "amazon"
            ],
            "platform": "",
            "platform_details": "Linux/UNIX",
            "product_codes": [],
            "public": true,
            "ramdisk_id": "",
            "root_device_name": "/dev/xvda",
            "root_device_type": "ebs",
            "root_snapshot_id": "snap-01f4cc0f449982305",
            "sriov_net_support": "simple",
            "state": "available",
            "state_reason": {
              "code": "UNSET",
              "message": "UNSET"
            },
            "tags": {},
            "timeouts": null,
            "tpm_support": "",
            "usage_operation": "RunInstances",
            "virtualization_type": "hvm"
          },
          "sensitive_attributes": []
        }
      ]
    },
    {
      "mode": "data",
      "type": "aws_availability_zones",
      "name": "available_zones",
      "provider": "provider[\"registry.terraform.io/hashicorp/aws\"]",
      "instances": [
        {
          "schema_version": 0,
          "attributes": {
            "all_availability_zones": null,
            "exclude_names": null,
            "exclude_zone_ids": null,
            "filter": null,
            "group_names": [
              "us-east-2"
            ],
            "id": "us-east-2",
            "names": [
              "us-east-2a",
              "us-east-2b",
              "us-east-2c"
            ],
            "state": null,
            "timeouts": null,
            "zone_ids": [
              "use2-az1",
              "use2-az2",
              "use2-az3"
            ]
          },
          "sensitive_attributes": []
        }
      ]
    },
    {
      "mode": "data",
      "type": "cloudflare_zone",
      "name": "this",
      "provider": "provider[\"registry.terraform.io/cloudflare/cloudflare\"]",
      "instances": [
        {
          "schema_version": 0,
          "attributes": {
            "account_id": "9839072740566e6053a85a40082affff",
            "id": "d7ca1f36f0fb00c59f6c82d402e5d04b",
            "name": "kendopx.com",
            "name_servers": [
              "dylan.ns.cloudflare.com",
              "margot.ns.cloudflare.com"
            ],
            "paused": false,
            "plan": "Free Website",
            "status": "active",
            "vanity_name_servers": [],
            "zone_id": "d7ca1f36f0fb00c59f6c82d402e5d04b"
          },
          "sensitive_attributes": []
        }
      ]
    },
    {
      "mode": "data",
      "type": "hcp_vault_secrets_app",
      "name": "kubernetes",
      "provider": "provider[\"registry.terraform.io/hashicorp/hcp\"]",
      "instances": [
        {
          "schema_version": 0,
          "attributes": {
            "app_name": "kubernetes",
            "id": "kubernetes",
            "organization_id": "3904ff02-f77b-4923-9eb3-44a96a3679ec",
            "project_id": "f72cee22-c337-4a72-90c4-4bcb1c1d4224",
            "secrets": {
              "argocd_oidc_github_client_id": "9e4f82cccc0aebcb3108",
              "argocd_oidc_login_github_clientSecret": "OTcwN2VhZGI2ZjdiOTJjNTViYzY5OTBmYWJjY2MxNzg3ZTk2YWE1Yw==",
              "argocd_oidc_login_github_webhook_secret": "YXJnby13ZWJob29r",
              "aw_secret_access_key": "lt8oK3xUaACTot/N3yRg4GJdWqA9Hu9Rx/TvW3BK",
              "aws_access_key_id": "AKIARGQ3UVRU23N5W6W4",
              "cloudflare_api_key": "2b875ff8eb5363c3f22c5cb76a300447813ff",
              "cloudflare_api_token": "rU7DrF-84-iNCGTrvMSqHO00s7IysqkKoUzpISyB",
              "cloudflare_email": "kendops.llc@gmail.com",
              "dex_cluster_oidc_github_clientSecret": "1bd1e0af71d9981b1d222e148e2ba44d1311a967",
              "dex_cluster_oidc_github_client_id": "df2d322a2dfafef0cee5",
              "github_token": "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",
              "hcloud_token": "zLFZ2U7hLp0GScGCGhwdpr1Ag7unda0X5qRGdzk8cPqXv5XPZT532307pqEiWJjt",
              "hetzner_token": "zLFZ2U7hLp0GScGCGhwdpr1Ag7unda0X5qRGdzk8cPqXv5XPZT532307pqEiWJjt",
              "rancher_initial_password": "T0A0aGpkaE9hV0RTakRnISRoZGdzb0RqZHUyNzMxOVBvU1VxU2dkaCE=",
              "vmware_password": "Kendo@2050123!",
              "vmware_user": "administrator@vsphere.local"
            }
          },
          "sensitive_attributes": []
        }
      ]
    },
    {
      "mode": "managed",
      "type": "aws_default_subnet",
      "name": "default_az1",
      "provider": "provider[\"registry.terraform.io/hashicorp/aws\"]",
      "instances": [
        {
          "schema_version": 1,
          "attributes": {
            "arn": "arn:aws:ec2:us-east-2:082736098409:subnet/subnet-09b77a8f23ce4bd8e",
            "assign_ipv6_address_on_creation": false,
            "availability_zone": "us-east-2a",
            "availability_zone_id": "use2-az1",
            "cidr_block": "172.31.0.0/20",
            "customer_owned_ipv4_pool": "",
            "enable_dns64": false,
            "enable_lni_at_device_index": 0,
            "enable_resource_name_dns_a_record_on_launch": false,
            "enable_resource_name_dns_aaaa_record_on_launch": false,
            "existing_default_subnet": true,
            "force_destroy": false,
            "id": "subnet-09b77a8f23ce4bd8e",
            "ipv6_cidr_block": "",
            "ipv6_cidr_block_association_id": "",
            "ipv6_native": false,
            "map_customer_owned_ip_on_launch": false,
            "map_public_ip_on_launch": true,
            "outpost_arn": "",
            "owner_id": "082736098409",
            "private_dns_hostname_type_on_launch": "ip-name",
            "tags": {
              "Name": "default subnet"
            },
            "tags_all": {
              "Name": "default subnet"
            },
            "timeouts": null,
            "vpc_id": "vpc-00cd2ad48a433d472"
          },
          "sensitive_attributes": [],
          "private": "eyJlMmJmYjczMC1lY2FhLTExZTYtOGY4OC0zNDM2M2JjN2M0YzAiOnsiY3JlYXRlIjo2MDAwMDAwMDAwMDAsImRlbGV0ZSI6MTIwMDAwMDAwMDAwMH0sInNjaGVtYV92ZXJzaW9uIjoiMSJ9",
          "dependencies": [
            "data.aws_availability_zones.available_zones"
          ]
        }
      ]
    },
    {
      "mode": "managed",
      "type": "aws_default_vpc",
      "name": "default_vpc",
      "provider": "provider[\"registry.terraform.io/hashicorp/aws\"]",
      "instances": [
        {
          "schema_version": 1,
          "attributes": {
            "arn": "arn:aws:ec2:us-east-2:082736098409:vpc/vpc-00cd2ad48a433d472",
            "assign_generated_ipv6_cidr_block": false,
            "cidr_block": "172.31.0.0/16",
            "default_network_acl_id": "acl-01ee18a4fab09a575",
            "default_route_table_id": "rtb-0a371ef5f70452fae",
            "default_security_group_id": "sg-02de233884d510e36",
            "dhcp_options_id": "dopt-0405514303f645520",
            "enable_dns_hostnames": true,
            "enable_dns_support": true,
            "enable_network_address_usage_metrics": false,
            "existing_default_vpc": true,
            "force_destroy": false,
            "id": "vpc-00cd2ad48a433d472",
            "instance_tenancy": "default",
            "ipv6_association_id": "",
            "ipv6_cidr_block": "",
            "ipv6_cidr_block_network_border_group": "",
            "ipv6_ipam_pool_id": "",
            "ipv6_netmask_length": 0,
            "main_route_table_id": "rtb-0a371ef5f70452fae",
            "owner_id": "082736098409",
            "tags": {
              "Name": "default vpc"
            },
            "tags_all": {
              "Name": "default vpc"
            }
          },
          "sensitive_attributes": [],
          "private": "eyJzY2hlbWFfdmVyc2lvbiI6IjEifQ=="
        }
      ]
    },
    {
      "mode": "managed",
      "type": "aws_eip",
      "name": "jenkins_eip",
      "provider": "provider[\"registry.terraform.io/hashicorp/aws\"]",
      "instances": [
        {
          "schema_version": 0,
          "attributes": {
            "address": null,
            "allocation_id": "eipalloc-0b3ecf0c622b2b1e3",
            "associate_with_private_ip": null,
            "association_id": "eipassoc-0a21993772a165013",
            "carrier_ip": "",
            "customer_owned_ip": "",
            "customer_owned_ipv4_pool": "",
            "domain": "vpc",
            "id": "eipalloc-0b3ecf0c622b2b1e3",
            "instance": "i-07269365419e0718d",
            "network_border_group": "us-east-2",
            "network_interface": "eni-0e425347091537ee9",
            "private_dns": "ip-172-31-11-65.us-east-2.compute.internal",
            "private_ip": "172.31.11.65",
            "public_dns": "ec2-3-140-90-232.us-east-2.compute.amazonaws.com",
            "public_ip": "3.140.90.232",
            "public_ipv4_pool": "amazon",
            "tags": {
              "Name": "jenkins_eip"
            },
            "tags_all": {
              "Name": "jenkins_eip"
            },
            "timeouts": null,
            "vpc": true
          },
          "sensitive_attributes": [],
          "private": "eyJlMmJmYjczMC1lY2FhLTExZTYtOGY4OC0zNDM2M2JjN2M0YzAiOnsiZGVsZXRlIjoxODAwMDAwMDAwMDAsInJlYWQiOjkwMDAwMDAwMDAwMCwidXBkYXRlIjozMDAwMDAwMDAwMDB9fQ==",
          "dependencies": [
            "aws_default_subnet.default_az1",
            "aws_default_vpc.default_vpc",
            "aws_instance.jenkins",
            "aws_key_pair.ssh_key",
            "aws_security_group.jenkins_sg",
            "data.aws_ami.amzlinux2",
            "data.aws_availability_zones.available_zones"
          ]
        }
      ]
    },
    {
      "mode": "managed",
      "type": "aws_instance",
      "name": "jenkins",
      "provider": "provider[\"registry.terraform.io/hashicorp/aws\"]",
      "instances": [
        {
          "schema_version": 1,
          "attributes": {
            "ami": "ami-0171eabba350390d0",
            "arn": "arn:aws:ec2:us-east-2:082736098409:instance/i-07269365419e0718d",
            "associate_public_ip_address": true,
            "availability_zone": "us-east-2a",
            "capacity_reservation_specification": [
              {
                "capacity_reservation_preference": "open",
                "capacity_reservation_target": []
              }
            ],
            "cpu_core_count": 1,
            "cpu_options": [
              {
                "amd_sev_snp": "",
                "core_count": 1,
                "threads_per_core": 2
              }
            ],
            "cpu_threads_per_core": 2,
            "credit_specification": [
              {
                "cpu_credits": "unlimited"
              }
            ],
            "disable_api_stop": false,
            "disable_api_termination": false,
            "ebs_block_device": [],
            "ebs_optimized": false,
            "enclave_options": [
              {
                "enabled": false
              }
            ],
            "ephemeral_block_device": [],
            "get_password_data": false,
            "hibernation": false,
            "host_id": "",
            "host_resource_group_arn": null,
            "iam_instance_profile": "",
            "id": "i-07269365419e0718d",
            "instance_initiated_shutdown_behavior": "stop",
            "instance_lifecycle": "",
            "instance_market_options": [],
            "instance_state": "running",
            "instance_type": "t3.micro",
            "ipv6_address_count": 0,
            "ipv6_addresses": [],
            "key_name": "jenkins-key",
            "launch_template": [],
            "maintenance_options": [
              {
                "auto_recovery": "default"
              }
            ],
            "metadata_options": [
              {
                "http_endpoint": "enabled",
                "http_protocol_ipv6": "disabled",
                "http_put_response_hop_limit": 1,
                "http_tokens": "optional",
                "instance_metadata_tags": "disabled"
              }
            ],
            "monitoring": false,
            "network_interface": [],
            "outpost_arn": "",
            "password_data": "",
            "placement_group": "",
            "placement_partition_number": 0,
            "primary_network_interface_id": "eni-0e425347091537ee9",
            "private_dns": "ip-172-31-11-65.us-east-2.compute.internal",
            "private_dns_name_options": [
              {
                "enable_resource_name_dns_a_record": false,
                "enable_resource_name_dns_aaaa_record": false,
                "hostname_type": "ip-name"
              }
            ],
            "private_ip": "172.31.11.65",
            "public_dns": "ec2-3-140-90-232.us-east-2.compute.amazonaws.com",
            "public_ip": "3.140.90.232",
            "root_block_device": [
              {
                "delete_on_termination": true,
                "device_name": "/dev/xvda",
                "encrypted": false,
                "iops": 100,
                "kms_key_id": "",
                "tags": {},
                "throughput": 0,
                "volume_id": "vol-0d3ddf4fd6a182594",
                "volume_size": 8,
                "volume_type": "gp2"
              }
            ],
            "secondary_private_ips": [],
            "security_groups": [
              "jenkins-sg"
            ],
            "source_dest_check": true,
            "spot_instance_request_id": "",
            "subnet_id": "subnet-09b77a8f23ce4bd8e",
            "tags": {
              "Name": "jenkins-server"
            },
            "tags_all": {
              "Name": "jenkins-server"
            },
            "tenancy": "default",
            "timeouts": null,
            "user_data": "b08dd0257202c2805e4f10284e75516d80846a51",
            "user_data_base64": null,
            "user_data_replace_on_change": false,
            "volume_tags": null,
            "vpc_security_group_ids": [
              "sg-0d6559b0062f3832e"
            ]
          },
          "sensitive_attributes": [],
          "private": "eyJlMmJmYjczMC1lY2FhLTExZTYtOGY4OC0zNDM2M2JjN2M0YzAiOnsiY3JlYXRlIjo2MDAwMDAwMDAwMDAsImRlbGV0ZSI6MTIwMDAwMDAwMDAwMCwidXBkYXRlIjo2MDAwMDAwMDAwMDB9LCJzY2hlbWFfdmVyc2lvbiI6IjEifQ==",
          "dependencies": [
            "aws_default_subnet.default_az1",
            "aws_default_vpc.default_vpc",
            "aws_key_pair.ssh_key",
            "aws_security_group.jenkins_sg",
            "data.aws_ami.amzlinux2",
            "data.aws_availability_zones.available_zones"
          ]
        }
      ]
    },
    {
      "mode": "managed",
      "type": "aws_key_pair",
      "name": "ssh_key",
      "provider": "provider[\"registry.terraform.io/hashicorp/aws\"]",
      "instances": [
        {
          "schema_version": 1,
          "attributes": {
            "arn": "arn:aws:ec2:us-east-2:082736098409:key-pair/jenkins-key",
            "fingerprint": "5c:15:5a:e3:e8:8c:20:c4:a3:16:db:ad:18:1b:5b:53",
            "id": "jenkins-key",
            "key_name": "jenkins-key",
            "key_name_prefix": "",
            "key_pair_id": "key-019f87b339902e3d8",
            "key_type": "rsa",
            "public_key": "ssh-rsa AAAAB3NzaC1yc2EAAAADAQABAAABgQDAJ7M38wDPnT8Wkd1ZbHEfmbg+DOF/LOQ0KzLlB5oHHKLWRPnRVYxf3hEyVMxK33GLj+XNw3woAHsO2cPN+RiCQ1Wa/NxoZGoJn57nj8H8j/18TW7dfD5+8GUND04AVb8AGa6t2yS55UUtaDK+tGUhNnUUPJBwUzfxLX01NcqRgyy/DOW+wL6h6ginuJJK2A+HtEYEFNjlqQmQ5NAiskfr9b0l456ZK3k/9ELq0O3trqBuHrbPlr8RqtRKgblqMB7mLlxy9oqLF/4/4ZNCuYsR5/pk1RZuSBhHGODamRR3E3L1uHlZLsaZxwQxMOysKG2og8YLnlFmOZKpQoxx3Ts6DIRpw8XitJlDDZSNjkx++pn/BOpXY7/fn/9xpanog7wfMp2YvuJ1B5L7+oaQgfn/GzoGqXk/yhO4JHs3IFlIaHzRlUncVjitxvUM6g7jaACpTVNZlb9zParvgwCuYwrFinGUR50uoCQNpyGPc2gkyliHN3uxmN7PZV7yH26B+pc= swilliams@MDLT002",
            "tags": {},
            "tags_all": {}
          },
          "sensitive_attributes": [],
          "private": "eyJzY2hlbWFfdmVyc2lvbiI6IjEifQ=="
        }
      ]
    },
    {
      "mode": "managed",
      "type": "aws_security_group",
      "name": "jenkins_sg",
      "provider": "provider[\"registry.terraform.io/hashicorp/aws\"]",
      "instances": [
        {
          "schema_version": 1,
          "attributes": {
            "arn": "arn:aws:ec2:us-east-2:082736098409:security-group/sg-0d6559b0062f3832e",
            "description": "allow access on ports 8080 and 22",
            "egress": [
              {
                "cidr_blocks": [
                  "0.0.0.0/0"
                ],
                "description": "",
                "from_port": 0,
                "ipv6_cidr_blocks": [],
                "prefix_list_ids": [],
                "protocol": "-1",
                "security_groups": [],
                "self": false,
                "to_port": 0
              }
            ],
            "id": "sg-0d6559b0062f3832e",
            "ingress": [
              {
                "cidr_blocks": [
                  "0.0.0.0/0"
                ],
                "description": "http proxy access",
                "from_port": 8080,
                "ipv6_cidr_blocks": [],
                "prefix_list_ids": [],
                "protocol": "tcp",
                "security_groups": [],
                "self": false,
                "to_port": 8080
              },
              {
                "cidr_blocks": [
                  "0.0.0.0/0"
                ],
                "description": "ssh access",
                "from_port": 22,
                "ipv6_cidr_blocks": [],
                "prefix_list_ids": [],
                "protocol": "tcp",
                "security_groups": [],
                "self": false,
                "to_port": 22
              },
              {
                "cidr_blocks": [
                  "0.0.0.0/0"
                ],
                "description": "ssh access",
                "from_port": 443,
                "ipv6_cidr_blocks": [],
                "prefix_list_ids": [],
                "protocol": "tcp",
                "security_groups": [],
                "self": false,
                "to_port": 443
              },
              {
                "cidr_blocks": [
                  "0.0.0.0/0"
                ],
                "description": "ssh access",
                "from_port": 8888,
                "ipv6_cidr_blocks": [],
                "prefix_list_ids": [],
                "protocol": "tcp",
                "security_groups": [],
                "self": false,
                "to_port": 8888
              }
            ],
            "name": "jenkins-sg",
            "name_prefix": "",
            "owner_id": "082736098409",
            "revoke_rules_on_delete": false,
            "tags": {
              "Name": "jenkins-sg"
            },
            "tags_all": {
              "Name": "jenkins-sg"
            },
            "timeouts": null,
            "vpc_id": "vpc-00cd2ad48a433d472"
          },
          "sensitive_attributes": [],
          "private": "eyJlMmJmYjczMC1lY2FhLTExZTYtOGY4OC0zNDM2M2JjN2M0YzAiOnsiY3JlYXRlIjo2MDAwMDAwMDAwMDAsImRlbGV0ZSI6OTAwMDAwMDAwMDAwfSwic2NoZW1hX3ZlcnNpb24iOiIxIn0=",
          "dependencies": [
            "aws_default_vpc.default_vpc"
          ]
        }
      ]
    },
    {
      "mode": "managed",
      "type": "cloudflare_record",
      "name": "devopx",
      "provider": "provider[\"registry.terraform.io/cloudflare/cloudflare\"]",
      "instances": [
        {
          "schema_version": 2,
          "attributes": {
            "allow_overwrite": false,
            "comment": "",
            "created_on": "2024-01-01T17:18:00.132561Z",
            "data": [],
            "hostname": "jenkins.kendopx.com",
            "id": "923939dd50cd5c49d36fea9d53a0845b",
            "metadata": {
              "auto_added": "false",
              "managed_by_apps": "false",
              "managed_by_argo_tunnel": "false",
              "source": "primary"
            },
            "modified_on": "2024-01-01T17:18:00.132561Z",
            "name": "jenkins",
            "priority": null,
            "proxiable": true,
            "proxied": false,
            "tags": [],
            "timeouts": null,
            "ttl": 1,
            "type": "A",
            "value": "3.140.90.232",
            "zone_id": "d7ca1f36f0fb00c59f6c82d402e5d04b"
          },
          "sensitive_attributes": [],
          "private": "eyJlMmJmYjczMC1lY2FhLTExZTYtOGY4OC0zNDM2M2JjN2M0YzAiOnsiY3JlYXRlIjozMDAwMDAwMDAwMCwidXBkYXRlIjozMDAwMDAwMDAwMH0sInNjaGVtYV92ZXJzaW9uIjoiMiJ9",
          "dependencies": [
            "aws_default_subnet.default_az1",
            "aws_default_vpc.default_vpc",
            "aws_eip.jenkins_eip",
            "aws_instance.jenkins",
            "aws_key_pair.ssh_key",
            "aws_security_group.jenkins_sg",
            "data.aws_ami.amzlinux2",
            "data.aws_availability_zones.available_zones",
            "data.cloudflare_zone.this"
          ]
        }
      ]
    },
    {
      "mode": "managed",
      "type": "null_resource",
      "name": "name",
      "provider": "provider[\"registry.terraform.io/hashicorp/null\"]",
      "instances": [
        {
          "status": "tainted",
          "schema_version": 0,
          "attributes": {
            "id": "5168482841037810428",
            "triggers": null
          },
          "sensitive_attributes": [],
          "dependencies": [
            "aws_eip.jenkins_eip",
            "aws_instance.jenkins",
            "cloudflare_record.devopx"
          ]
        }
      ]
    }
  ],
  "check_results": null
}
